// !$*UTF8*$!
{
	archiveVersion = 1;
	classes = {
	};
	objectVersion = 77;
	objects = {

/* Begin PBXContainerItemProxy section */
		531E76A32F8EF250003C31D3 /* PBXContainerItemProxy */ = {
			isa = PBXContainerItemProxy;
			containerPortal = 531E768A2F8EF24F003C31D3 /* Project object */;
			proxyType = 1;
			remoteGlobalIDString = 531E76912F8EF24F003C31D3;
			remoteInfo = CleanSwipe;
		};
		531E76AD2F8EF250003C31D3 /* PBXContainerItemProxy */ = {
			isa = PBXContainerItemProxy;
			containerPortal = 531E768A2F8EF24F003C31D3 /* Project object */;
			proxyType = 1;
			remoteGlobalIDString = 531E76912F8EF24F003C31D3;
			remoteInfo = CleanSwipe;
		};
/* End PBXContainerItemProxy section */

/* Begin PBXFileReference section */
		531E76922F8EF24F003C31D3 /* CleanSwipe.app */ = {isa = PBXFileReference; explicitFileType = wrapper.application; includeInIndex = 0; path = CleanSwipe.app; sourceTree = BUILT_PRODUCTS_DIR; };
		531E76A22F8EF250003C31D3 /* CleanSwipeTests.xctest */ = {isa = PBXFileReference; explicitFileType = wrapper.cfbundle; includeInIndex = 0; path = CleanSwipeTests.xctest; sourceTree = BUILT_PRODUCTS_DIR; };
		531E76AC2F8EF250003C31D3 /* CleanSwipeUITests.xctest */ = {isa = PBXFileReference; explicitFileType = wrapper.cfbundle; includeInIndex = 0; path = CleanSwipeUITests.xctest; sourceTree = BUILT_PRODUCTS_DIR; };
/* End PBXFileReference section */

/* Begin PBXFileSystemSynchronizedRootGroup section */
		531E76942F8EF24F003C31D3 /* CleanSwipe */ = {
			isa = PBXFileSystemSynchronizedRootGroup;
			path = CleanSwipe;
			sourceTree = "<group>";
		};
		531E76A52F8EF250003C31D3 /* CleanSwipeTests */ = {
			isa = PBXFileSystemSynchronizedRootGroup;
			path = CleanSwipeTests;
			sourceTree = "<group>";
		};
		531E76AF2F8EF250003C31D3 /* CleanSwipeUITests */ = {
			isa = PBXFileSystemSynchronizedRootGroup;
			path = CleanSwipeUITests;
			sourceTree = "<group>";
		};
/* End PBXFileSystemSynchronizedRootGroup section */

/* Begin PBXFrameworksBuildPhase section */
		531E768F2F8EF24F003C31D3 /* Frameworks */ = {
			isa = PBXFrameworksBuildPhase;
			buildActionMask = 2147483647;
			files = (
			);
			runOnlyForDeploymentPostprocessing = 0;
		};
		531E769F2F8EF250003C31D3 /* Frameworks */ = {
			isa = PBXFrameworksBuildPhase;
			buildActionMask = 2147483647;
			files = (
			);
			runOnlyForDeploymentPostprocessing = 0;
		};
		531E76A92F8EF250003C31D3 /* Frameworks */ = {
			isa = PBXFrameworksBuildPhase;
			buildActionMask = 2147483647;
			files = (
			);
			runOnlyForDeploymentPostprocessing = 0;
		};
/* End PBXFrameworksBuildPhase section */

/* Begin PBXGroup section */
		531E76892F8EF24F003C31D3 = {
			isa = PBXGroup;
			children = (
				531E76942F8EF24F003C31D3 /* CleanSwipe */,
				531E76A52F8EF250003C31D3 /* CleanSwipeTests */,
				531E76AF2F8EF250003C31D3 /* CleanSwipeUITests */,
				531E76932F8EF24F003C31D3 /* Products */,
			);
			sourceTree = "<group>";
		};
		531E76932F8EF24F003C31D3 /* Products */ = {
			isa = PBXGroup;
			children = (
				531E76922F8EF24F003C31D3 /* CleanSwipe.app */,
				531E76A22F8EF250003C31D3 /* CleanSwipeTests.xctest */,
				531E76AC2F8EF250003C31D3 /* CleanSwipeUITests.xctest */,
			);
			name = Products;
			sourceTree = "<group>";
		};
/* End PBXGroup section */

/* Begin PBXNativeTarget section */
		531E76912F8EF24F003C31D3 /* CleanSwipe */ = {
			isa = PBXNativeTarget;
			buildConfigurationList = 531E76B62F8EF250003C31D3 /* Build configuration list for PBXNativeTarget "CleanSwipe" */;
			buildPhases = (
				531E768E2F8EF24F003C31D3 /* Sources */,
				531E768F2F8EF24F003C31D3 /* Frameworks */,
				531E76902F8EF24F003C31D3 /* Resources */,
			);
			buildRules = (
			);
			dependencies = (
			);
			fileSystemSynchronizedGroups = (
				531E76942F8EF24F003C31D3 /* CleanSwipe */,
			);
			name = CleanSwipe;
			packageProductDependencies = (
			);
			productName = CleanSwipe;
			productReference = 531E76922F8EF24F003C31D3 /* CleanSwipe.app */;
			productType = "com.apple.product-type.application";
		};
		531E76A12F8EF250003C31D3 /* CleanSwipeTests */ = {
			isa = PBXNativeTarget;
			buildConfigurationList = 531E76B92F8EF250003C31D3 /* Build configuration list for PBXNativeTarget "CleanSwipeTests" */;
			buildPhases = (
				531E769E2F8EF250003C31D3 /* Sources */,
				531E769F2F8EF250003C31D3 /* Frameworks */,
				531E76A02F8EF250003C31D3 /* Resources */,
			);
			buildRules = (
			);
			dependencies = (
				531E76A42F8EF250003C31D3 /* PBXTargetDependency */,
			);
			fileSystemSynchronizedGroups = (
				531E76A52F8EF250003C31D3 /* CleanSwipeTests */,
			);
			name = CleanSwipeTests;
			packageProductDependencies = (
			);
			productName = CleanSwipeTests;
			productReference = 531E76A22F8EF250003C31D3 /* CleanSwipeTests.xctest */;
			productType = "com.apple.product-type.bundle.unit-test";
		};
		531E76AB2F8EF250003C31D3 /* CleanSwipeUITests */ = {
			isa = PBXNativeTarget;
			buildConfigurationList = 531E76BC2F8EF250003C31D3 /* Build configuration list for PBXNativeTarget "CleanSwipeUITests" */;
			buildPhases = (
				531E76A82F8EF250003C31D3 /* Sources */,
				531E76A92F8EF250003C31D3 /* Frameworks */,
				531E76AA2F8EF250003C31D3 /* Resources */,
			);
			buildRules = (
			);
			dependencies = (
				531E76AE2F8EF250003C31D3 /* PBXTargetDependency */,
			);
			fileSystemSynchronizedGroups = (
				531E76AF2F8EF250003C31D3 /* CleanSwipeUITests */,
			);
			name = CleanSwipeUITests;
			packageProductDependencies = (
			);
			productName = CleanSwipeUITests;
			productReference = 531E76AC2F8EF250003C31D3 /* CleanSwipeUITests.xctest */;
			productType = "com.apple.product-type.bundle.ui-testing";
		};
/* End PBXNativeTarget section */

/* Begin PBXProject section */
		531E768A2F8EF24F003C31D3 /* Project object */ = {
			isa = PBXProject;
			attributes = {
				BuildIndependentTargetsInParallel = 1;
				LastSwiftUpdateCheck = 1620;
				LastUpgradeCheck = 1620;
				TargetAttributes = {
					531E76912F8EF24F003C31D3 = {
						CreatedOnToolsVersion = 16.2;
					};
					531E76A12F8EF250003C31D3 = {
						CreatedOnToolsVersion = 16.2;
						TestTargetID = 531E76912F8EF24F003C31D3;
					};
					531E76AB2F8EF250003C31D3 = {
						CreatedOnToolsVersion = 16.2;
						TestTargetID = 531E76912F8EF24F003C31D3;
					};
				};
			};
			buildConfigurationList = 531E768D2F8EF24F003C31D3 /* Build configuration list for PBXProject "CleanSwipe" */;
			developmentRegion = en;
			hasScannedForEncodings = 0;
			knownRegions = (
				en,
				Base,
			);
			mainGroup = 531E76892F8EF24F003C31D3;
			minimizedProjectReferenceProxies = 1;
			preferredProjectObjectVersion = 77;
			productRefGroup = 531E76932F8EF24F003C31D3 /* Products */;
			projectDirPath = "";
			projectRoot = "";
			targets = (
				531E76912F8EF24F003C31D3 /* CleanSwipe */,
				531E76A12F8EF250003C31D3 /* CleanSwipeTests */,
				531E76AB2F8EF250003C31D3 /* CleanSwipeUITests */,
			);
		};
/* End PBXProject section */

/* Begin PBXResourcesBuildPhase section */
		531E76902F8EF24F003C31D3 /* Resources */ = {
			isa = PBXResourcesBuildPhase;
			buildActionMask = 2147483647;
			files = (
			);
			runOnlyForDeploymentPostprocessing = 0;
		};
		531E76A02F8EF250003C31D3 /* Resources */ = {
			isa = PBXResourcesBuildPhase;
			buildActionMask = 2147483647;
			files = (
			);
			runOnlyForDeploymentPostprocessing = 0;
		};
		531E76AA2F8EF250003C31D3 /* Resources */ = {
			isa = PBXResourcesBuildPhase;
			buildActionMask = 2147483647;
			files = (
			);
			runOnlyForDeploymentPostprocessing = 0;
		};
/* End PBXResourcesBuildPhase section */

/* Begin PBXSourcesBuildPhase section */
		531E768E2F8EF24F003C31D3 /* Sources */ = {
			isa = PBXSourcesBuildPhase;
			buildActionMask = 2147483647;
			files = (
			);
			runOnlyForDeploymentPostprocessing = 0;
		};
		531E769E2F8EF250003C31D3 /* Sources */ = {
			isa = PBXSourcesBuildPhase;
			buildActionMask = 2147483647;
			files = (
			);
			runOnlyForDeploymentPostprocessing = 0;
		};
		531E76A82F8EF250003C31D3 /* Sources */ = {
			isa = PBXSourcesBuildPhase;
			buildActionMask = 2147483647;
			files = (
			);
			runOnlyForDeploymentPostprocessing = 0;
		};
/* End PBXSourcesBuildPhase section */

/* Begin PBXTargetDependency section */
		531E76A42F8EF250003C31D3 /* PBXTargetDependency */ = {
			isa = PBXTargetDependency;
			target = 531E76912F8EF24F003C31D3 /* CleanSwipe */;
			targetProxy = 531E76A32F8EF250003C31D3 /* PBXContainerItemProxy */;
		};
		531E76AE2F8EF250003C31D3 /* PBXTargetDependency */ = {
			isa = PBXTargetDependency;
			target = 531E76912F8EF24F003C31D3 /* CleanSwipe */;
			targetProxy = 531E76AD2F8EF250003C31D3 /* PBXContainerItemProxy */;
		};
/* End PBXTargetDependency section */

/* Begin XCBuildConfiguration section */
		531E76B42F8EF250003C31D3 /* Debug */ = {
			isa = XCBuildConfiguration;
			buildSettings = {
				ALWAYS_SEARCH_USER_PATHS = NO;
				ASSETCATALOG_COMPILER_GENERATE_SWIFT_ASSET_SYMBOL_EXTENSIONS = YES;
				CLANG_ANALYZER_NONNULL = YES;
				CLANG_ANALYZER_NUMBER_OBJECT_CONVERSION = YES_AGGRESSIVE;
				CLANG_CXX_LANGUAGE_STANDARD = "gnu++20";
				CLANG_ENABLE_MODULES = YES;
				CLANG_ENABLE_OBJC_ARC = YES;
				CLANG_ENABLE_OBJC_WEAK = YES;
				CLANG_WARN_BLOCK_CAPTURE_AUTORELEASING = YES;
				CLANG_WARN_BOOL_CONVERSION = YES;
				CLANG_WARN_COMMA = YES;
				CLANG_WARN_CONSTANT_CONVERSION = YES;
				CLANG_WARN_DEPRECATED_OBJC_IMPLEMENTATIONS = YES;
				CLANG_WARN_DIRECT_OBJC_ISA_USAGE = YES_ERROR;
				CLANG_WARN_DOCUMENTATION_COMMENTS = YES;
				CLANG_WARN_EMPTY_BODY = YES;
				CLANG_WARN_ENUM_CONVERSION = YES;
				CLANG_WARN_INFINITE_RECURSION = YES;
				CLANG_WARN_INT_CONVERSION = YES;
				CLANG_WARN_NON_LITERAL_NULL_CONVERSION = YES;
				CLANG_WARN_OBJC_IMPLICIT_RETAIN_SELF = YES;
				CLANG_WARN_OBJC_LITERAL_CONVERSION = YES;
				CLANG_WARN_OBJC_ROOT_CLASS = YES_ERROR;
				CLANG_WARN_QUOTED_INCLUDE_IN_FRAMEWORK_HEADER = YES;
				CLANG_WARN_RANGE_LOOP_ANALYSIS = YES;
				CLANG_WARN_STRICT_PROTOTYPES = YES;
				CLANG_WARN_SUSPICIOUS_MOVE = YES;
				CLANG_WARN_UNGUARDED_AVAILABILITY = YES_AGGRESSIVE;
				CLANG_WARN_UNREACHABLE_CODE = YES;
				CLANG_WARN__DUPLICATE_METHOD_MATCH = YES;
				COPY_PHASE_STRIP = NO;
				DEBUG_INFORMATION_FORMAT = dwarf;
				ENABLE_STRICT_OBJC_MSGSEND = YES;
				ENABLE_TESTABILITY = YES;
				ENABLE_USER_SCRIPT_SANDBOXING = YES;
				GCC_C_LANGUAGE_STANDARD = gnu17;
				GCC_DYNAMIC_NO_PIC = NO;
				GCC_NO_COMMON_BLOCKS = YES;
				GCC_OPTIMIZATION_LEVEL = 0;
				GCC_PREPROCESSOR_DEFINITIONS = (
					"DEBUG=1",
					"$(inherited)",
				);
				GCC_WARN_64_TO_32_BIT_CONVERSION = YES;
				GCC_WARN_ABOUT_RETURN_TYPE = YES_ERROR;
				GCC_WARN_UNDECLARED_SELECTOR = YES;
				GCC_WARN_UNINITIALIZED_AUTOS = YES_AGGRESSIVE;
				GCC_WARN_UNUSED_FUNCTION = YES;
				GCC_WARN_UNUSED_VARIABLE = YES;
				IPHONEOS_DEPLOYMENT_TARGET = 18.2;
				LOCALIZATION_PREFERS_STRING_CATALOGS = YES;
				MTL_ENABLE_DEBUG_INFO = INCLUDE_SOURCE;
				MTL_FAST_MATH = YES;
				ONLY_ACTIVE_ARCH = YES;
				SDKROOT = iphoneos;
				SWIFT_ACTIVE_COMPILATION_CONDITIONS = "DEBUG $(inherited)";
				SWIFT_OPTIMIZATION_LEVEL = "-Onone";
			};
			name = Debug;
		};
		531E76B52F8EF250003C31D3 /* Release */ = {
			isa = XCBuildConfiguration;
			buildSettings = {
				ALWAYS_SEARCH_USER_PATHS = NO;
				ASSETCATALOG_COMPILER_GENERATE_SWIFT_ASSET_SYMBOL_EXTENSIONS = YES;
				CLANG_ANALYZER_NONNULL = YES;
				CLANG_ANALYZER_NUMBER_OBJECT_CONVERSION = YES_AGGRESSIVE;
				CLANG_CXX_LANGUAGE_STANDARD = "gnu++20";
				CLANG_ENABLE_MODULES = YES;
				CLANG_ENABLE_OBJC_ARC = YES;
				CLANG_ENABLE_OBJC_WEAK = YES;
				CLANG_WARN_BLOCK_CAPTURE_AUTORELEASING = YES;
				CLANG_WARN_BOOL_CONVERSION = YES;
				CLANG_WARN_COMMA = YES;
				CLANG_WARN_CONSTANT_CONVERSION = YES;
				CLANG_WARN_DEPRECATED_OBJC_IMPLEMENTATIONS = YES;
				CLANG_WARN_DIRECT_OBJC_ISA_USAGE = YES_ERROR;
				CLANG_WARN_DOCUMENTATION_COMMENTS = YES;
				CLANG_WARN_EMPTY_BODY = YES;
				CLANG_WARN_ENUM_CONVERSION = YES;
				CLANG_WARN_INFINITE_RECURSION = YES;
				CLANG_WARN_INT_CONVERSION = YES;
				CLANG_WARN_NON_LITERAL_NULL_CONVERSION = YES;
				CLANG_WARN_OBJC_IMPLICIT_RETAIN_SELF = YES;
				CLANG_WARN_OBJC_LITERAL_CONVERSION = YES;
				CLANG_WARN_OBJC_ROOT_CLASS = YES_ERROR;
				CLANG_WARN_QUOTED_INCLUDE_IN_FRAMEWORK_HEADER = YES;
				CLANG_WARN_RANGE_LOOP_ANALYSIS = YES;
				CLANG_WARN_STRICT_PROTOTYPES = YES;
				CLANG_WARN_SUSPICIOUS_MOVE = YES;
				CLANG_WARN_UNGUARDED_AVAILABILITY = YES_AGGRESSIVE;
				CLANG_WARN_UNREACHABLE_CODE = YES;
				CLANG_WARN__DUPLICATE_METHOD_MATCH = YES;
				COPY_PHASE_STRIP = NO;
				DEBUG_INFORMATION_FORMAT = "dwarf-with-dsym";
				ENABLE_NS_ASSERTIONS = NO;
				ENABLE_STRICT_OBJC_MSGSEND = YES;
				ENABLE_USER_SCRIPT_SANDBOXING = YES;
				GCC_C_LANGUAGE_STANDARD = gnu17;
				GCC_NO_COMMON_BLOCKS = YES;
				GCC_WARN_64_TO_32_BIT_CONVERSION = YES;
				GCC_WARN_ABOUT_RETURN_TYPE = YES_ERROR;
				GCC_WARN_UNDECLARED_SELECTOR = YES;
				GCC_WARN_UNINITIALIZED_AUTOS = YES_AGGRESSIVE;
				GCC_WARN_UNUSED_FUNCTION = YES;
				GCC_WARN_UNUSED_VARIABLE = YES;
				IPHONEOS_DEPLOYMENT_TARGET = 18.2;
				LOCALIZATION_PREFERS_STRING_CATALOGS = YES;
				MTL_ENABLE_DEBUG_INFO = NO;
				MTL_FAST_MATH = YES;
				SDKROOT = iphoneos;
				SWIFT_COMPILATION_MODE = wholemodule;
				VALIDATE_PRODUCT = YES;
			};
			name = Release;
		};
		531E76B72F8EF250003C31D3 /* Debug */ = {
			isa = XCBuildConfiguration;
			buildSettings = {
				ASSETCATALOG_COMPILER_APPICON_NAME = AppIcon;
				ASSETCATALOG_COMPILER_GLOBAL_ACCENT_COLOR_NAME = AccentColor;
				CODE_SIGN_STYLE = Automatic;
				CURRENT_PROJECT_VERSION = 1;
				DEVELOPMENT_ASSET_PATHS = "\"CleanSwipe/Preview Content\"";
				DEVELOPMENT_TEAM = 6Q59R4QBXF;
				ENABLE_PREVIEWS = YES;
				GENERATE_INFOPLIST_FILE = YES;
				INFOPLIST_KEY_NSPhotoLibraryUsageDescription = "SwipeClean needs access to your photos so you can swipe to delete and organize your gallery.";
				INFOPLIST_KEY_UIApplicationSceneManifest_Generation = YES;
				INFOPLIST_KEY_UIApplicationSupportsIndirectInputEvents = YES;
				INFOPLIST_KEY_UILaunchScreen_Generation = YES;
				INFOPLIST_KEY_UISupportedInterfaceOrientations_iPad = "UIInterfaceOrientationPortrait UIInterfaceOrientationPortraitUpsideDown UIInterfaceOrientationLandscapeLeft UIInterfaceOrientationLandscapeRight";
				INFOPLIST_KEY_UISupportedInterfaceOrientations_iPhone = "UIInterfaceOrientationPortrait UIInterfaceOrientationLandscapeLeft UIInterfaceOrientationLandscapeRight";
				LD_RUNPATH_SEARCH_PATHS = (
					"$(inherited)",
					"@executable_path/Frameworks",
				);
				MARKETING_VERSION = 1.0;
				PRODUCT_BUNDLE_IDENTIFIER = "-.CleanSwipe";
				PRODUCT_NAME = "$(TARGET_NAME)";
				SWIFT_EMIT_LOC_STRINGS = YES;
				SWIFT_VERSION = 5.0;
				TARGETED_DEVICE_FAMILY = "1,2";
			};
			name = Debug;
		};
		531E76B82F8EF250003C31D3 /* Release */ = {
			isa = XCBuildConfiguration;
			buildSettings = {
				ASSETCATALOG_COMPILER_APPICON_NAME = AppIcon;
				ASSETCATALOG_COMPILER_GLOBAL_ACCENT_COLOR_NAME = AccentColor;
				CODE_SIGN_STYLE = Automatic;
				CURRENT_PROJECT_VERSION = 1;
				DEVELOPMENT_ASSET_PATHS = "\"CleanSwipe/Preview Content\"";
				DEVELOPMENT_TEAM = 6Q59R4QBXF;
				ENABLE_PREVIEWS = YES;
				GENERATE_INFOPLIST_FILE = YES;
				INFOPLIST_KEY_NSPhotoLibraryUsageDescription = "SwipeClean needs access to your photos so you can swipe to delete and organize your gallery.";
				INFOPLIST_KEY_UIApplicationSceneManifest_Generation = YES;
				INFOPLIST_KEY_UIApplicationSupportsIndirectInputEvents = YES;
				INFOPLIST_KEY_UILaunchScreen_Generation = YES;
				INFOPLIST_KEY_UISupportedInterfaceOrientations_iPad = "UIInterfaceOrientationPortrait UIInterfaceOrientationPortraitUpsideDown UIInterfaceOrientationLandscapeLeft UIInterfaceOrientationLandscapeRight";
				INFOPLIST_KEY_UISupportedInterfaceOrientations_iPhone = "UIInterfaceOrientationPortrait UIInterfaceOrientationLandscapeLeft UIInterfaceOrientationLandscapeRight";
				LD_RUNPATH_SEARCH_PATHS = (
					"$(inherited)",
					"@executable_path/Frameworks",
				);
				MARKETING_VERSION = 1.0;
				PRODUCT_BUNDLE_IDENTIFIER = "-.CleanSwipe";
				PRODUCT_NAME = "$(TARGET_NAME)";
				SWIFT_EMIT_LOC_STRINGS = YES;
				SWIFT_VERSION = 5.0;
				TARGETED_DEVICE_FAMILY = "1,2";
			};
			name = Release;
		};
		531E76BA2F8EF250003C31D3 /* Debug */ = {
			isa = XCBuildConfiguration;
			buildSettings = {
				BUNDLE_LOADER = "$(TEST_HOST)";
				CODE_SIGN_STYLE = Automatic;
				CURRENT_PROJECT_VERSION = 1;
				DEVELOPMENT_TEAM = 6Q59R4QBXF;
				GENERATE_INFOPLIST_FILE = YES;
				IPHONEOS_DEPLOYMENT_TARGET = 18.2;
				MARKETING_VERSION = 1.0;
				PRODUCT_BUNDLE_IDENTIFIER = "-.CleanSwipeTests";
				PRODUCT_NAME = "$(TARGET_NAME)";
				SWIFT_EMIT_LOC_STRINGS = NO;
				SWIFT_VERSION = 5.0;
				TARGETED_DEVICE_FAMILY = "1,2";
				TEST_HOST = "$(BUILT_PRODUCTS_DIR)/CleanSwipe.app/$(BUNDLE_EXECUTABLE_FOLDER_PATH)/CleanSwipe";
			};
			name = Debug;
		};
		531E76BB2F8EF250003C31D3 /* Release */ = {
			isa = XCBuildConfiguration;
			buildSettings = {
				BUNDLE_LOADER = "$(TEST_HOST)";
				CODE_SIGN_STYLE = Automatic;
				CURRENT_PROJECT_VERSION = 1;
				DEVELOPMENT_TEAM = 6Q59R4QBXF;
				GENERATE_INFOPLIST_FILE = YES;
				IPHONEOS_DEPLOYMENT_TARGET = 18.2;
				MARKETING_VERSION = 1.0;
				PRODUCT_BUNDLE_IDENTIFIER = "-.CleanSwipeTests";
				PRODUCT_NAME = "$(TARGET_NAME)";
				SWIFT_EMIT_LOC_STRINGS = NO;
				SWIFT_VERSION = 5.0;
				TARGETED_DEVICE_FAMILY = "1,2";
				TEST_HOST = "$(BUILT_PRODUCTS_DIR)/CleanSwipe.app/$(BUNDLE_EXECUTABLE_FOLDER_PATH)/CleanSwipe";
			};
			name = Release;
		};
		531E76BD2F8EF250003C31D3 /* Debug */ = {
			isa = XCBuildConfiguration;
			buildSettings = {
				CODE_SIGN_STYLE = Automatic;
				CURRENT_PROJECT_VERSION = 1;
				DEVELOPMENT_TEAM = 6Q59R4QBXF;
				GENERATE_INFOPLIST_FILE = YES;
				MARKETING_VERSION = 1.0;
				PRODUCT_BUNDLE_IDENTIFIER = "-.CleanSwipeUITests";
				PRODUCT_NAME = "$(TARGET_NAME)";
				SWIFT_EMIT_LOC_STRINGS = NO;
				SWIFT_VERSION = 5.0;
				TARGETED_DEVICE_FAMILY = "1,2";
				TEST_TARGET_NAME = CleanSwipe;
			};
			name = Debug;
		};
		531E76BE2F8EF250003C31D3 /* Release */ = {
			isa = XCBuildConfiguration;
			buildSettings = {
				CODE_SIGN_STYLE = Automatic;
				CURRENT_PROJECT_VERSION = 1;
				DEVELOPMENT_TEAM = 6Q59R4QBXF;
				GENERATE_INFOPLIST_FILE = YES;
				MARKETING_VERSION = 1.0;
				PRODUCT_BUNDLE_IDENTIFIER = "-.CleanSwipeUITests";
				PRODUCT_NAME = "$(TARGET_NAME)";
				SWIFT_EMIT_LOC_STRINGS = NO;
				SWIFT_VERSION = 5.0;
				TARGETED_DEVICE_FAMILY = "1,2";
				TEST_TARGET_NAME = CleanSwipe;
			};
			name = Release;
		};
/* End XCBuildConfiguration section */

/* Begin XCConfigurationList section */
		531E768D2F8EF24F003C31D3 /* Build configuration list for PBXProject "CleanSwipe" */ = {
			isa = XCConfigurationList;
			buildConfigurations = (
				531E76B42F8EF250003C31D3 /* Debug */,
				531E76B52F8EF250003C31D3 /* Release */,
			);
			defaultConfigurationIsVisible = 0;
			defaultConfigurationName = Release;
		};
		531E76B62F8EF250003C31D3 /* Build configuration list for PBXNativeTarget "CleanSwipe" */ = {
			isa = XCConfigurationList;
			buildConfigurations = (
				531E76B72F8EF250003C31D3 /* Debug */,
				531E76B82F8EF250003C31D3 /* Release */,
			);
			defaultConfigurationIsVisible = 0;
			defaultConfigurationName = Release;
		};
		531E76B92F8EF250003C31D3 /* Build configuration list for PBXNativeTarget "CleanSwipeTests" */ = {
			isa = XCConfigurationList;
			buildConfigurations = (
				531E76BA2F8EF250003C31D3 /* Debug */,
				531E76BB2F8EF250003C31D3 /* Release */,
			);
			defaultConfigurationIsVisible = 0;
			defaultConfigurationName = Release;
		};
		531E76BC2F8EF250003C31D3 /* Build configuration list for PBXNativeTarget "CleanSwipeUITests" */ = {
			isa = XCConfigurationList;
			buildConfigurations = (
				531E76BD2F8EF250003C31D3 /* Debug */,
				531E76BE2F8EF250003C31D3 /* Release */,
			);
			defaultConfigurationIsVisible = 0;
			defaultConfigurationName = Release;
		};
/* End XCConfigurationList section */
	};
	rootObject = 531E768A2F8EF24F003C31D3 /* Project object */;
}
